{
  "name": "crypto-arena-survivors",
  "version": "0.1.0",
  "lockfileVersion": 3,
  "requires": true,
  "packages": {
    "": {
      "name": "crypto-arena-survivors",
      "version": "0.1.0",
      "workspaces": [
        "client",
        "contracts"
      ],
      "engines": {
        "node": ">=20",
        "npm": ">=9"
      }
    }
  }
}
